
Microsoft Visual Studio Solution File, Format Version 12.00
# Visual Studio Version 16
VisualStudioVersion = 16.0.31229.75
MinimumVisualStudioVersion = 10.0.40219.1
Project("{FAE04EC0-301F-11D3-BF4B-00C04F79EFBC}") = "Zadacha01", "Zadacha01\Zadacha01.csproj", "{EFBD72AF-CE23-44FC-9016-EC22B3229A38}"
EndProject
Project("{FAE04EC0-301F-11D3-BF4B-00C04F79EFBC}") = "Zadacha02", "Zadacha02\Zadacha02.csproj", "{A86062F9-2F7A-4476-BFA5-1B5DA459EDE4}"
EndProject
Global
	GlobalSection(SolutionConfigurationPlatforms) = preSolution
		Debug|Any CPU = Debug|Any CPU
		Release|Any CPU = Release|Any CPU
	EndGlobalSection
	GlobalSection(ProjectConfigurationPlatforms) = postSolution
		{EFBD72AF-CE23-44FC-9016-EC22B3229A38}.Debug|Any CPU.ActiveCfg = Debug|Any CPU
		{EFBD72AF-CE23-44FC-9016-EC22B3229A38}.Debug|Any CPU.Build.0 = Debug|Any CPU
		{EFBD72AF-CE23-44FC-9016-EC22B3229A38}.Release|Any CPU.ActiveCfg = Release|Any CPU
		{EFBD72AF-CE23-44FC-9016-EC22B3229A38}.Release|Any CPU.Build.0 = Release|Any CPU
		{A86062F9-2F7A-4476-BFA5-1B5DA459EDE4}.Debug|Any CPU.ActiveCfg = Debug|Any CPU
		{A86062F9-2F7A-4476-BFA5-1B5DA459EDE4}.Debug|Any CPU.Build.0 = Debug|Any CPU
		{A86062F9-2F7A-4476-BFA5-1B5DA459EDE4}.Release|Any CPU.ActiveCfg = Release|Any CPU
		{A86062F9-2F7A-4476-BFA5-1B5DA459EDE4}.Release|Any CPU.Build.0 = Release|Any CPU
	EndGlobalSection
	GlobalSection(SolutionProperties) = preSolution
		HideSolutionNode = FALSE
	EndGlobalSection
	GlobalSection(ExtensibilityGlobals) = postSolution
		SolutionGuid = {6A7CD776-698F-4C30-B380-A70F83BF2EFA}
	EndGlobalSection
EndGlobal
